
Microsoft Visual Studio Solution File, Format Version 12.00
# Visual Studio 15
VisualStudioVersion = 15.0.26403.7
MinimumVisualStudioVersion = 10.0.40219.1
Project("{FAE04EC0-301F-11D3-BF4B-00C04F79EFBC}") = "Storages", "Storage\Storage\Storages.csproj", "{49952629-CCB8-490A-9ACE-DA0D6F8F0CF3}"
EndProject
Project("{FAE04EC0-301F-11D3-BF4B-00C04F79EFBC}") = "Options", "Options\Options\Options.csproj", "{48A6A7E3-CC1B-4482-9163-9A8454E284BB}"
EndProject
Project("{FAE04EC0-301F-11D3-BF4B-00C04F79EFBC}") = "Primitives", "Primitives\Primitives\Primitives.csproj", "{97597D23-83B7-4160-AC10-E7FC64B067AE}"
EndProject
Project("{FAE04EC0-301F-11D3-BF4B-00C04F79EFBC}") = "UnitTest", "UnitTest\UnitTest.csproj", "{34609D80-7358-44FF-A4C9-ABAED1DFAED3}"
EndProject
Project("{FAE04EC0-301F-11D3-BF4B-00C04F79EFBC}") = "DependencyInjection", "DependencyInjection\DependencyInjection\DependencyInjection.csproj", "{77F8B2CF-BCF0-46DC-AC26-670E074DAF17}"
EndProject
Project("{FAE04EC0-301F-11D3-BF4B-00C04F79EFBC}") = "SQLiteServices", "SQLiteServices\SQLiteServices\SQLiteServices.csproj", "{8F2C51B2-4938-46C0-93C6-63A530044C59}"
EndProject
Project("{FAE04EC0-301F-11D3-BF4B-00C04F79EFBC}") = "XFControls.Android", "XFControls\XFControls.Android\XFControls.Android.csproj", "{7C1FBD3C-FB39-4C20-AEBA-1F4B35F87C1D}"
EndProject
Project("{FAE04EC0-301F-11D3-BF4B-00C04F79EFBC}") = "XFControls", "XFControls\XFControls\XFControls.csproj", "{86031E66-46C7-43C7-9A2F-A4E5AA024BFB}"
EndProject
Project("{FAE04EC0-301F-11D3-BF4B-00C04F79EFBC}") = "Collections", "Collections\Collections\Collections.csproj", "{E3F55175-E00E-420C-A757-4B0869FC74F5}"
EndProject
Project("{FAE04EC0-301F-11D3-BF4B-00C04F79EFBC}") = "Specifications", "Specifications\Specifications\Specifications.csproj", "{25071E6E-94DF-4F45-8721-38A8B1127C36}"
EndProject
Project("{FAE04EC0-301F-11D3-BF4B-00C04F79EFBC}") = "ValueObjects", "ValueObjects\ValueObjects\ValueObjects.csproj", "{912999C7-30E3-4FFD-934E-1ED3A1DC0295}"
EndProject
Project("{FAE04EC0-301F-11D3-BF4B-00C04F79EFBC}") = "Utilities", "Utilities\Utilities\Utilities.csproj", "{FE8EC1BC-5C74-40F6-9FDA-584EA154ECDF}"
EndProject
Project("{FAE04EC0-301F-11D3-BF4B-00C04F79EFBC}") = "ThirdParties", "ThirdParties\ThirdParties\ThirdParties.csproj", "{328F29DB-FB36-44A4-A540-FF2F19F25939}"
EndProject
Global
	GlobalSection(SolutionConfigurationPlatforms) = preSolution
		Ad-Hoc|Any CPU = Ad-Hoc|Any CPU
		Ad-Hoc|iPhone = Ad-Hoc|iPhone
		Ad-Hoc|iPhoneSimulator = Ad-Hoc|iPhoneSimulator
		AppStore|Any CPU = AppStore|Any CPU
		AppStore|iPhone = AppStore|iPhone
		AppStore|iPhoneSimulator = AppStore|iPhoneSimulator
		Debug|Any CPU = Debug|Any CPU
		Debug|iPhone = Debug|iPhone
		Debug|iPhoneSimulator = Debug|iPhoneSimulator
		Release|Any CPU = Release|Any CPU
		Release|iPhone = Release|iPhone
		Release|iPhoneSimulator = Release|iPhoneSimulator
	EndGlobalSection
	GlobalSection(ProjectConfigurationPlatforms) = postSolution
		{49952629-CCB8-490A-9ACE-DA0D6F8F0CF3}.Ad-Hoc|Any CPU.ActiveCfg = Release|Any CPU
		{49952629-CCB8-490A-9ACE-DA0D6F8F0CF3}.Ad-Hoc|Any CPU.Build.0 = Release|Any CPU
		{49952629-CCB8-490A-9ACE-DA0D6F8F0CF3}.Ad-Hoc|iPhone.ActiveCfg = Release|Any CPU
		{49952629-CCB8-490A-9ACE-DA0D6F8F0CF3}.Ad-Hoc|iPhone.Build.0 = Release|Any CPU
		{49952629-CCB8-490A-9ACE-DA0D6F8F0CF3}.Ad-Hoc|iPhoneSimulator.ActiveCfg = Release|Any CPU
		{49952629-CCB8-490A-9ACE-DA0D6F8F0CF3}.Ad-Hoc|iPhoneSimulator.Build.0 = Release|Any CPU
		{49952629-CCB8-490A-9ACE-DA0D6F8F0CF3}.AppStore|Any CPU.ActiveCfg = Release|Any CPU
		{49952629-CCB8-490A-9ACE-DA0D6F8F0CF3}.AppStore|Any CPU.Build.0 = Release|Any CPU
		{49952629-CCB8-490A-9ACE-DA0D6F8F0CF3}.AppStore|iPhone.ActiveCfg = Release|Any CPU
		{49952629-CCB8-490A-9ACE-DA0D6F8F0CF3}.AppStore|iPhone.Build.0 = Release|Any CPU
		{49952629-CCB8-490A-9ACE-DA0D6F8F0CF3}.AppStore|iPhoneSimulator.ActiveCfg = Release|Any CPU
		{49952629-CCB8-490A-9ACE-DA0D6F8F0CF3}.AppStore|iPhoneSimulator.Build.0 = Release|Any CPU
		{49952629-CCB8-490A-9ACE-DA0D6F8F0CF3}.Debug|Any CPU.ActiveCfg = Debug|Any CPU
		{49952629-CCB8-490A-9ACE-DA0D6F8F0CF3}.Debug|Any CPU.Build.0 = Debug|Any CPU
		{49952629-CCB8-490A-9ACE-DA0D6F8F0CF3}.Debug|iPhone.ActiveCfg = Debug|Any CPU
		{49952629-CCB8-490A-9ACE-DA0D6F8F0CF3}.Debug|iPhone.Build.0 = Debug|Any CPU
		{49952629-CCB8-490A-9ACE-DA0D6F8F0CF3}.Debug|iPhoneSimulator.ActiveCfg = Debug|Any CPU
		{49952629-CCB8-490A-9ACE-DA0D6F8F0CF3}.Debug|iPhoneSimulator.Build.0 = Debug|Any CPU
		{49952629-CCB8-490A-9ACE-DA0D6F8F0CF3}.Release|Any CPU.ActiveCfg = Release|Any CPU
		{49952629-CCB8-490A-9ACE-DA0D6F8F0CF3}.Release|Any CPU.Build.0 = Release|Any CPU
		{49952629-CCB8-490A-9ACE-DA0D6F8F0CF3}.Release|iPhone.ActiveCfg = Release|Any CPU
		{49952629-CCB8-490A-9ACE-DA0D6F8F0CF3}.Release|iPhone.Build.0 = Release|Any CPU
		{49952629-CCB8-490A-9ACE-DA0D6F8F0CF3}.Release|iPhoneSimulator.ActiveCfg = Release|Any CPU
		{49952629-CCB8-490A-9ACE-DA0D6F8F0CF3}.Release|iPhoneSimulator.Build.0 = Release|Any CPU
		{48A6A7E3-CC1B-4482-9163-9A8454E284BB}.Ad-Hoc|Any CPU.ActiveCfg = Release|Any CPU
		{48A6A7E3-CC1B-4482-9163-9A8454E284BB}.Ad-Hoc|Any CPU.Build.0 = Release|Any CPU
		{48A6A7E3-CC1B-4482-9163-9A8454E284BB}.Ad-Hoc|iPhone.ActiveCfg = Release|Any CPU
		{48A6A7E3-CC1B-4482-9163-9A8454E284BB}.Ad-Hoc|iPhone.Build.0 = Release|Any CPU
		{48A6A7E3-CC1B-4482-9163-9A8454E284BB}.Ad-Hoc|iPhoneSimulator.ActiveCfg = Release|Any CPU
		{48A6A7E3-CC1B-4482-9163-9A8454E284BB}.Ad-Hoc|iPhoneSimulator.Build.0 = Release|Any CPU
		{48A6A7E3-CC1B-4482-9163-9A8454E284BB}.AppStore|Any CPU.ActiveCfg = Release|Any CPU
		{48A6A7E3-CC1B-4482-9163-9A8454E284BB}.AppStore|Any CPU.Build.0 = Release|Any CPU
		{48A6A7E3-CC1B-4482-9163-9A8454E284BB}.AppStore|iPhone.ActiveCfg = Release|Any CPU
		{48A6A7E3-CC1B-4482-9163-9A8454E284BB}.AppStore|iPhone.Build.0 = Release|Any CPU
		{48A6A7E3-CC1B-4482-9163-9A8454E284BB}.AppStore|iPhoneSimulator.ActiveCfg = Release|Any CPU
		{48A6A7E3-CC1B-4482-9163-9A8454E284BB}.AppStore|iPhoneSimulator.Build.0 = Release|Any CPU
		{48A6A7E3-CC1B-4482-9163-9A8454E284BB}.Debug|Any CPU.ActiveCfg = Debug|Any CPU
		{48A6A7E3-CC1B-4482-9163-9A8454E284BB}.Debug|Any CPU.Build.0 = Debug|Any CPU
		{48A6A7E3-CC1B-4482-9163-9A8454E284BB}.Debug|iPhone.ActiveCfg = Debug|Any CPU
		{48A6A7E3-CC1B-4482-9163-9A8454E284BB}.Debug|iPhone.Build.0 = Debug|Any CPU
		{48A6A7E3-CC1B-4482-9163-9A8454E284BB}.Debug|iPhoneSimulator.ActiveCfg = Debug|Any CPU
		{48A6A7E3-CC1B-4482-9163-9A8454E284BB}.Debug|iPhoneSimulator.Build.0 = Debug|Any CPU
		{48A6A7E3-CC1B-4482-9163-9A8454E284BB}.Release|Any CPU.ActiveCfg = Release|Any CPU
		{48A6A7E3-CC1B-4482-9163-9A8454E284BB}.Release|Any CPU.Build.0 = Release|Any CPU
		{48A6A7E3-CC1B-4482-9163-9A8454E284BB}.Release|iPhone.ActiveCfg = Release|Any CPU
		{48A6A7E3-CC1B-4482-9163-9A8454E284BB}.Release|iPhone.Build.0 = Release|Any CPU
		{48A6A7E3-CC1B-4482-9163-9A8454E284BB}.Release|iPhoneSimulator.ActiveCfg = Release|Any CPU
		{48A6A7E3-CC1B-4482-9163-9A8454E284BB}.Release|iPhoneSimulator.Build.0 = Release|Any CPU
		{97597D23-83B7-4160-AC10-E7FC64B067AE}.Ad-Hoc|Any CPU.ActiveCfg = Release|Any CPU
		{97597D23-83B7-4160-AC10-E7FC64B067AE}.Ad-Hoc|Any CPU.Build.0 = Release|Any CPU
		{97597D23-83B7-4160-AC10-E7FC64B067AE}.Ad-Hoc|iPhone.ActiveCfg = Release|Any CPU
		{97597D23-83B7-4160-AC10-E7FC64B067AE}.Ad-Hoc|iPhone.Build.0 = Release|Any CPU
		{97597D23-83B7-4160-AC10-E7FC64B067AE}.Ad-Hoc|iPhoneSimulator.ActiveCfg = Release|Any CPU
		{97597D23-83B7-4160-AC10-E7FC64B067AE}.Ad-Hoc|iPhoneSimulator.Build.0 = Release|Any CPU
		{97597D23-83B7-4160-AC10-E7FC64B067AE}.AppStore|Any CPU.ActiveCfg = Release|Any CPU
		{97597D23-83B7-4160-AC10-E7FC64B067AE}.AppStore|Any CPU.Build.0 = Release|Any CPU
		{97597D23-83B7-4160-AC10-E7FC64B067AE}.AppStore|iPhone.ActiveCfg = Release|Any CPU
		{97597D23-83B7-4160-AC10-E7FC64B067AE}.AppStore|iPhone.Build.0 = Release|Any CPU
		{97597D23-83B7-4160-AC10-E7FC64B067AE}.AppStore|iPhoneSimulator.ActiveCfg = Release|Any CPU
		{97597D23-83B7-4160-AC10-E7FC64B067AE}.AppStore|iPhoneSimulator.Build.0 = Release|Any CPU
		{97597D23-83B7-4160-AC10-E7FC64B067AE}.Debug|Any CPU.ActiveCfg = Debug|Any CPU
		{97597D23-83B7-4160-AC10-E7FC64B067AE}.Debug|Any CPU.Build.0 = Debug|Any CPU
		{97597D23-83B7-4160-AC10-E7FC64B067AE}.Debug|iPhone.ActiveCfg = Debug|Any CPU
		{97597D23-83B7-4160-AC10-E7FC64B067AE}.Debug|iPhone.Build.0 = Debug|Any CPU
		{97597D23-83B7-4160-AC10-E7FC64B067AE}.Debug|iPhoneSimulator.ActiveCfg = Debug|Any CPU
		{97597D23-83B7-4160-AC10-E7FC64B067AE}.Debug|iPhoneSimulator.Build.0 = Debug|Any CPU
		{97597D23-83B7-4160-AC10-E7FC64B067AE}.Release|Any CPU.ActiveCfg = Release|Any CPU
		{97597D23-83B7-4160-AC10-E7FC64B067AE}.Release|Any CPU.Build.0 = Release|Any CPU
		{97597D23-83B7-4160-AC10-E7FC64B067AE}.Release|iPhone.ActiveCfg = Release|Any CPU
		{97597D23-83B7-4160-AC10-E7FC64B067AE}.Release|iPhone.Build.0 = Release|Any CPU
		{97597D23-83B7-4160-AC10-E7FC64B067AE}.Release|iPhoneSimulator.ActiveCfg = Release|Any CPU
		{97597D23-83B7-4160-AC10-E7FC64B067AE}.Release|iPhoneSimulator.Build.0 = Release|Any CPU
		{34609D80-7358-44FF-A4C9-ABAED1DFAED3}.Ad-Hoc|Any CPU.ActiveCfg = Release|Any CPU
		{34609D80-7358-44FF-A4C9-ABAED1DFAED3}.Ad-Hoc|Any CPU.Build.0 = Release|Any CPU
		{34609D80-7358-44FF-A4C9-ABAED1DFAED3}.Ad-Hoc|iPhone.ActiveCfg = Release|Any CPU
		{34609D80-7358-44FF-A4C9-ABAED1DFAED3}.Ad-Hoc|iPhone.Build.0 = Release|Any CPU
		{34609D80-7358-44FF-A4C9-ABAED1DFAED3}.Ad-Hoc|iPhoneSimulator.ActiveCfg = Release|Any CPU
		{34609D80-7358-44FF-A4C9-ABAED1DFAED3}.Ad-Hoc|iPhoneSimulator.Build.0 = Release|Any CPU
		{34609D80-7358-44FF-A4C9-ABAED1DFAED3}.AppStore|Any CPU.ActiveCfg = Release|Any CPU
		{34609D80-7358-44FF-A4C9-ABAED1DFAED3}.AppStore|Any CPU.Build.0 = Release|Any CPU
		{34609D80-7358-44FF-A4C9-ABAED1DFAED3}.AppStore|iPhone.ActiveCfg = Release|Any CPU
		{34609D80-7358-44FF-A4C9-ABAED1DFAED3}.AppStore|iPhone.Build.0 = Release|Any CPU
		{34609D80-7358-44FF-A4C9-ABAED1DFAED3}.AppStore|iPhoneSimulator.ActiveCfg = Release|Any CPU
		{34609D80-7358-44FF-A4C9-ABAED1DFAED3}.AppStore|iPhoneSimulator.Build.0 = Release|Any CPU
		{34609D80-7358-44FF-A4C9-ABAED1DFAED3}.Debug|Any CPU.ActiveCfg = Debug|Any CPU
		{34609D80-7358-44FF-A4C9-ABAED1DFAED3}.Debug|Any CPU.Build.0 = Debug|Any CPU
		{34609D80-7358-44FF-A4C9-ABAED1DFAED3}.Debug|iPhone.ActiveCfg = Debug|Any CPU
		{34609D80-7358-44FF-A4C9-ABAED1DFAED3}.Debug|iPhone.Build.0 = Debug|Any CPU
		{34609D80-7358-44FF-A4C9-ABAED1DFAED3}.Debug|iPhoneSimulator.ActiveCfg = Debug|Any CPU
		{34609D80-7358-44FF-A4C9-ABAED1DFAED3}.Debug|iPhoneSimulator.Build.0 = Debug|Any CPU
		{34609D80-7358-44FF-A4C9-ABAED1DFAED3}.Release|Any CPU.ActiveCfg = Release|Any CPU
		{34609D80-7358-44FF-A4C9-ABAED1DFAED3}.Release|Any CPU.Build.0 = Release|Any CPU
		{34609D80-7358-44FF-A4C9-ABAED1DFAED3}.Release|iPhone.ActiveCfg = Release|Any CPU
		{34609D80-7358-44FF-A4C9-ABAED1DFAED3}.Release|iPhone.Build.0 = Release|Any CPU
		{34609D80-7358-44FF-A4C9-ABAED1DFAED3}.Release|iPhoneSimulator.ActiveCfg = Release|Any CPU
		{34609D80-7358-44FF-A4C9-ABAED1DFAED3}.Release|iPhoneSimulator.Build.0 = Release|Any CPU
		{77F8B2CF-BCF0-46DC-AC26-670E074DAF17}.Ad-Hoc|Any CPU.ActiveCfg = Release|Any CPU
		{77F8B2CF-BCF0-46DC-AC26-670E074DAF17}.Ad-Hoc|Any CPU.Build.0 = Release|Any CPU
		{77F8B2CF-BCF0-46DC-AC26-670E074DAF17}.Ad-Hoc|iPhone.ActiveCfg = Release|Any CPU
		{77F8B2CF-BCF0-46DC-AC26-670E074DAF17}.Ad-Hoc|iPhone.Build.0 = Release|Any CPU
		{77F8B2CF-BCF0-46DC-AC26-670E074DAF17}.Ad-Hoc|iPhoneSimulator.ActiveCfg = Release|Any CPU
		{77F8B2CF-BCF0-46DC-AC26-670E074DAF17}.Ad-Hoc|iPhoneSimulator.Build.0 = Release|Any CPU
		{77F8B2CF-BCF0-46DC-AC26-670E074DAF17}.AppStore|Any CPU.ActiveCfg = Release|Any CPU
		{77F8B2CF-BCF0-46DC-AC26-670E074DAF17}.AppStore|Any CPU.Build.0 = Release|Any CPU
		{77F8B2CF-BCF0-46DC-AC26-670E074DAF17}.AppStore|iPhone.ActiveCfg = Release|Any CPU
		{77F8B2CF-BCF0-46DC-AC26-670E074DAF17}.AppStore|iPhone.Build.0 = Release|Any CPU
		{77F8B2CF-BCF0-46DC-AC26-670E074DAF17}.AppStore|iPhoneSimulator.ActiveCfg = Release|Any CPU
		{77F8B2CF-BCF0-46DC-AC26-670E074DAF17}.AppStore|iPhoneSimulator.Build.0 = Release|Any CPU
		{77F8B2CF-BCF0-46DC-AC26-670E074DAF17}.Debug|Any CPU.ActiveCfg = Debug|Any CPU
		{77F8B2CF-BCF0-46DC-AC26-670E074DAF17}.Debug|Any CPU.Build.0 = Debug|Any CPU
		{77F8B2CF-BCF0-46DC-AC26-670E074DAF17}.Debug|iPhone.ActiveCfg = Debug|Any CPU
		{77F8B2CF-BCF0-46DC-AC26-670E074DAF17}.Debug|iPhone.Build.0 = Debug|Any CPU
		{77F8B2CF-BCF0-46DC-AC26-670E074DAF17}.Debug|iPhoneSimulator.ActiveCfg = Debug|Any CPU
		{77F8B2CF-BCF0-46DC-AC26-670E074DAF17}.Debug|iPhoneSimulator.Build.0 = Debug|Any CPU
		{77F8B2CF-BCF0-46DC-AC26-670E074DAF17}.Release|Any CPU.ActiveCfg = Release|Any CPU
		{77F8B2CF-BCF0-46DC-AC26-670E074DAF17}.Release|Any CPU.Build.0 = Release|Any CPU
		{77F8B2CF-BCF0-46DC-AC26-670E074DAF17}.Release|iPhone.ActiveCfg = Release|Any CPU
		{77F8B2CF-BCF0-46DC-AC26-670E074DAF17}.Release|iPhone.Build.0 = Release|Any CPU
		{77F8B2CF-BCF0-46DC-AC26-670E074DAF17}.Release|iPhoneSimulator.ActiveCfg = Release|Any CPU
		{77F8B2CF-BCF0-46DC-AC26-670E074DAF17}.Release|iPhoneSimulator.Build.0 = Release|Any CPU
		{8F2C51B2-4938-46C0-93C6-63A530044C59}.Ad-Hoc|Any CPU.ActiveCfg = Release|Any CPU
		{8F2C51B2-4938-46C0-93C6-63A530044C59}.Ad-Hoc|Any CPU.Build.0 = Release|Any CPU
		{8F2C51B2-4938-46C0-93C6-63A530044C59}.Ad-Hoc|iPhone.ActiveCfg = Release|Any CPU
		{8F2C51B2-4938-46C0-93C6-63A530044C59}.Ad-Hoc|iPhone.Build.0 = Release|Any CPU
		{8F2C51B2-4938-46C0-93C6-63A530044C59}.Ad-Hoc|iPhoneSimulator.ActiveCfg = Release|Any CPU
		{8F2C51B2-4938-46C0-93C6-63A530044C59}.Ad-Hoc|iPhoneSimulator.Build.0 = Release|Any CPU
		{8F2C51B2-4938-46C0-93C6-63A530044C59}.AppStore|Any CPU.ActiveCfg = Release|Any CPU
		{8F2C51B2-4938-46C0-93C6-63A530044C59}.AppStore|Any CPU.Build.0 = Release|Any CPU
		{8F2C51B2-4938-46C0-93C6-63A530044C59}.AppStore|iPhone.ActiveCfg = Release|Any CPU
		{8F2C51B2-4938-46C0-93C6-63A530044C59}.AppStore|iPhone.Build.0 = Release|Any CPU
		{8F2C51B2-4938-46C0-93C6-63A530044C59}.AppStore|iPhoneSimulator.ActiveCfg = Release|Any CPU
		{8F2C51B2-4938-46C0-93C6-63A530044C59}.AppStore|iPhoneSimulator.Build.0 = Release|Any CPU
		{8F2C51B2-4938-46C0-93C6-63A530044C59}.Debug|Any CPU.ActiveCfg = Debug|Any CPU
		{8F2C51B2-4938-46C0-93C6-63A530044C59}.Debug|Any CPU.Build.0 = Debug|Any CPU
		{8F2C51B2-4938-46C0-93C6-63A530044C59}.Debug|iPhone.ActiveCfg = Debug|Any CPU
		{8F2C51B2-4938-46C0-93C6-63A530044C59}.Debug|iPhone.Build.0 = Debug|Any CPU
		{8F2C51B2-4938-46C0-93C6-63A530044C59}.Debug|iPhoneSimulator.ActiveCfg = Debug|Any CPU
		{8F2C51B2-4938-46C0-93C6-63A530044C59}.Debug|iPhoneSimulator.Build.0 = Debug|Any CPU
		{8F2C51B2-4938-46C0-93C6-63A530044C59}.Release|Any CPU.ActiveCfg = Release|Any CPU
		{8F2C51B2-4938-46C0-93C6-63A530044C59}.Release|Any CPU.Build.0 = Release|Any CPU
		{8F2C51B2-4938-46C0-93C6-63A530044C59}.Release|iPhone.ActiveCfg = Release|Any CPU
		{8F2C51B2-4938-46C0-93C6-63A530044C59}.Release|iPhone.Build.0 = Release|Any CPU
		{8F2C51B2-4938-46C0-93C6-63A530044C59}.Release|iPhoneSimulator.ActiveCfg = Release|Any CPU
		{8F2C51B2-4938-46C0-93C6-63A530044C59}.Release|iPhoneSimulator.Build.0 = Release|Any CPU
		{7C1FBD3C-FB39-4C20-AEBA-1F4B35F87C1D}.Ad-Hoc|Any CPU.ActiveCfg = Release|Any CPU
		{7C1FBD3C-FB39-4C20-AEBA-1F4B35F87C1D}.Ad-Hoc|Any CPU.Build.0 = Release|Any CPU
		{7C1FBD3C-FB39-4C20-AEBA-1F4B35F87C1D}.Ad-Hoc|Any CPU.Deploy.0 = Release|Any CPU
		{7C1FBD3C-FB39-4C20-AEBA-1F4B35F87C1D}.Ad-Hoc|iPhone.ActiveCfg = Release|Any CPU
		{7C1FBD3C-FB39-4C20-AEBA-1F4B35F87C1D}.Ad-Hoc|iPhone.Build.0 = Release|Any CPU
		{7C1FBD3C-FB39-4C20-AEBA-1F4B35F87C1D}.Ad-Hoc|iPhone.Deploy.0 = Release|Any CPU
		{7C1FBD3C-FB39-4C20-AEBA-1F4B35F87C1D}.Ad-Hoc|iPhoneSimulator.ActiveCfg = Release|Any CPU
		{7C1FBD3C-FB39-4C20-AEBA-1F4B35F87C1D}.Ad-Hoc|iPhoneSimulator.Build.0 = Release|Any CPU
		{7C1FBD3C-FB39-4C20-AEBA-1F4B35F87C1D}.Ad-Hoc|iPhoneSimulator.Deploy.0 = Release|Any CPU
		{7C1FBD3C-FB39-4C20-AEBA-1F4B35F87C1D}.AppStore|Any CPU.ActiveCfg = Release|Any CPU
		{7C1FBD3C-FB39-4C20-AEBA-1F4B35F87C1D}.AppStore|Any CPU.Build.0 = Release|Any CPU
		{7C1FBD3C-FB39-4C20-AEBA-1F4B35F87C1D}.AppStore|Any CPU.Deploy.0 = Release|Any CPU
		{7C1FBD3C-FB39-4C20-AEBA-1F4B35F87C1D}.AppStore|iPhone.ActiveCfg = Release|Any CPU
		{7C1FBD3C-FB39-4C20-AEBA-1F4B35F87C1D}.AppStore|iPhone.Build.0 = Release|Any CPU
		{7C1FBD3C-FB39-4C20-AEBA-1F4B35F87C1D}.AppStore|iPhone.Deploy.0 = Release|Any CPU
		{7C1FBD3C-FB39-4C20-AEBA-1F4B35F87C1D}.AppStore|iPhoneSimulator.ActiveCfg = Release|Any CPU
		{7C1FBD3C-FB39-4C20-AEBA-1F4B35F87C1D}.AppStore|iPhoneSimulator.Build.0 = Release|Any CPU
		{7C1FBD3C-FB39-4C20-AEBA-1F4B35F87C1D}.AppStore|iPhoneSimulator.Deploy.0 = Release|Any CPU
		{7C1FBD3C-FB39-4C20-AEBA-1F4B35F87C1D}.Debug|Any CPU.ActiveCfg = Debug|Any CPU
		{7C1FBD3C-FB39-4C20-AEBA-1F4B35F87C1D}.Debug|Any CPU.Build.0 = Debug|Any CPU
		{7C1FBD3C-FB39-4C20-AEBA-1F4B35F87C1D}.Debug|Any CPU.Deploy.0 = Debug|Any CPU
		{7C1FBD3C-FB39-4C20-AEBA-1F4B35F87C1D}.Debug|iPhone.ActiveCfg = Debug|Any CPU
		{7C1FBD3C-FB39-4C20-AEBA-1F4B35F87C1D}.Debug|iPhone.Build.0 = Debug|Any CPU
		{7C1FBD3C-FB39-4C20-AEBA-1F4B35F87C1D}.Debug|iPhone.Deploy.0 = Debug|Any CPU
		{7C1FBD3C-FB39-4C20-AEBA-1F4B35F87C1D}.Debug|iPhoneSimulator.ActiveCfg = Debug|Any CPU
		{7C1FBD3C-FB39-4C20-AEBA-1F4B35F87C1D}.Debug|iPhoneSimulator.Build.0 = Debug|Any CPU
		{7C1FBD3C-FB39-4C20-AEBA-1F4B35F87C1D}.Debug|iPhoneSimulator.Deploy.0 = Debug|Any CPU
		{7C1FBD3C-FB39-4C20-AEBA-1F4B35F87C1D}.Release|Any CPU.ActiveCfg = Release|Any CPU
		{7C1FBD3C-FB39-4C20-AEBA-1F4B35F87C1D}.Release|Any CPU.Build.0 = Release|Any CPU
		{7C1FBD3C-FB39-4C20-AEBA-1F4B35F87C1D}.Release|Any CPU.Deploy.0 = Release|Any CPU
		{7C1FBD3C-FB39-4C20-AEBA-1F4B35F87C1D}.Release|iPhone.ActiveCfg = Release|Any CPU
		{7C1FBD3C-FB39-4C20-AEBA-1F4B35F87C1D}.Release|iPhone.Build.0 = Release|Any CPU
		{7C1FBD3C-FB39-4C20-AEBA-1F4B35F87C1D}.Release|iPhone.Deploy.0 = Release|Any CPU
		{7C1FBD3C-FB39-4C20-AEBA-1F4B35F87C1D}.Release|iPhoneSimulator.ActiveCfg = Release|Any CPU
		{7C1FBD3C-FB39-4C20-AEBA-1F4B35F87C1D}.Release|iPhoneSimulator.Build.0 = Release|Any CPU
		{7C1FBD3C-FB39-4C20-AEBA-1F4B35F87C1D}.Release|iPhoneSimulator.Deploy.0 = Release|Any CPU
		{86031E66-46C7-43C7-9A2F-A4E5AA024BFB}.Ad-Hoc|Any CPU.ActiveCfg = Release|Any CPU
		{86031E66-46C7-43C7-9A2F-A4E5AA024BFB}.Ad-Hoc|Any CPU.Build.0 = Release|Any CPU
		{86031E66-46C7-43C7-9A2F-A4E5AA024BFB}.Ad-Hoc|iPhone.ActiveCfg = Release|Any CPU
		{86031E66-46C7-43C7-9A2F-A4E5AA024BFB}.Ad-Hoc|iPhone.Build.0 = Release|Any CPU
		{86031E66-46C7-43C7-9A2F-A4E5AA024BFB}.Ad-Hoc|iPhoneSimulator.ActiveCfg = Release|Any CPU
		{86031E66-46C7-43C7-9A2F-A4E5AA024BFB}.Ad-Hoc|iPhoneSimulator.Build.0 = Release|Any CPU
		{86031E66-46C7-43C7-9A2F-A4E5AA024BFB}.AppStore|Any CPU.ActiveCfg = Release|Any CPU
		{86031E66-46C7-43C7-9A2F-A4E5AA024BFB}.AppStore|Any CPU.Build.0 = Release|Any CPU
		{86031E66-46C7-43C7-9A2F-A4E5AA024BFB}.AppStore|iPhone.ActiveCfg = Release|Any CPU
		{86031E66-46C7-43C7-9A2F-A4E5AA024BFB}.AppStore|iPhone.Build.0 = Release|Any CPU
		{86031E66-46C7-43C7-9A2F-A4E5AA024BFB}.AppStore|iPhoneSimulator.ActiveCfg = Release|Any CPU
		{86031E66-46C7-43C7-9A2F-A4E5AA024BFB}.AppStore|iPhoneSimulator.Build.0 = Release|Any CPU
		{86031E66-46C7-43C7-9A2F-A4E5AA024BFB}.Debug|Any CPU.ActiveCfg = Debug|Any CPU
		{86031E66-46C7-43C7-9A2F-A4E5AA024BFB}.Debug|Any CPU.Build.0 = Debug|Any CPU
		{86031E66-46C7-43C7-9A2F-A4E5AA024BFB}.Debug|iPhone.ActiveCfg = Debug|Any CPU
		{86031E66-46C7-43C7-9A2F-A4E5AA024BFB}.Debug|iPhone.Build.0 = Debug|Any CPU
		{86031E66-46C7-43C7-9A2F-A4E5AA024BFB}.Debug|iPhoneSimulator.ActiveCfg = Debug|Any CPU
		{86031E66-46C7-43C7-9A2F-A4E5AA024BFB}.Debug|iPhoneSimulator.Build.0 = Debug|Any CPU
		{86031E66-46C7-43C7-9A2F-A4E5AA024BFB}.Release|Any CPU.ActiveCfg = Release|Any CPU
		{86031E66-46C7-43C7-9A2F-A4E5AA024BFB}.Release|Any CPU.Build.0 = Release|Any CPU
		{86031E66-46C7-43C7-9A2F-A4E5AA024BFB}.Release|iPhone.ActiveCfg = Release|Any CPU
		{86031E66-46C7-43C7-9A2F-A4E5AA024BFB}.Release|iPhone.Build.0 = Release|Any CPU
		{86031E66-46C7-43C7-9A2F-A4E5AA024BFB}.Release|iPhoneSimulator.ActiveCfg = Release|Any CPU
		{86031E66-46C7-43C7-9A2F-A4E5AA024BFB}.Release|iPhoneSimulator.Build.0 = Release|Any CPU
		{E3F55175-E00E-420C-A757-4B0869FC74F5}.Ad-Hoc|Any CPU.ActiveCfg = Release|Any CPU
		{E3F55175-E00E-420C-A757-4B0869FC74F5}.Ad-Hoc|Any CPU.Build.0 = Release|Any CPU
		{E3F55175-E00E-420C-A757-4B0869FC74F5}.Ad-Hoc|iPhone.ActiveCfg = Release|Any CPU
		{E3F55175-E00E-420C-A757-4B0869FC74F5}.Ad-Hoc|iPhone.Build.0 = Release|Any CPU
		{E3F55175-E00E-420C-A757-4B0869FC74F5}.Ad-Hoc|iPhoneSimulator.ActiveCfg = Release|Any CPU
		{E3F55175-E00E-420C-A757-4B0869FC74F5}.Ad-Hoc|iPhoneSimulator.Build.0 = Release|Any CPU
		{E3F55175-E00E-420C-A757-4B0869FC74F5}.AppStore|Any CPU.ActiveCfg = Release|Any CPU
		{E3F55175-E00E-420C-A757-4B0869FC74F5}.AppStore|Any CPU.Build.0 = Release|Any CPU
		{E3F55175-E00E-420C-A757-4B0869FC74F5}.AppStore|iPhone.ActiveCfg = Release|Any CPU
		{E3F55175-E00E-420C-A757-4B0869FC74F5}.AppStore|iPhone.Build.0 = Release|Any CPU
		{E3F55175-E00E-420C-A757-4B0869FC74F5}.AppStore|iPhoneSimulator.ActiveCfg = Release|Any CPU
		{E3F55175-E00E-420C-A757-4B0869FC74F5}.AppStore|iPhoneSimulator.Build.0 = Release|Any CPU
		{E3F55175-E00E-420C-A757-4B0869FC74F5}.Debug|Any CPU.ActiveCfg = Debug|Any CPU
		{E3F55175-E00E-420C-A757-4B0869FC74F5}.Debug|Any CPU.Build.0 = Debug|Any CPU
		{E3F55175-E00E-420C-A757-4B0869FC74F5}.Debug|iPhone.ActiveCfg = Debug|Any CPU
		{E3F55175-E00E-420C-A757-4B0869FC74F5}.Debug|iPhone.Build.0 = Debug|Any CPU
		{E3F55175-E00E-420C-A757-4B0869FC74F5}.Debug|iPhoneSimulator.ActiveCfg = Debug|Any CPU
		{E3F55175-E00E-420C-A757-4B0869FC74F5}.Debug|iPhoneSimulator.Build.0 = Debug|Any CPU
		{E3F55175-E00E-420C-A757-4B0869FC74F5}.Release|Any CPU.ActiveCfg = Release|Any CPU
		{E3F55175-E00E-420C-A757-4B0869FC74F5}.Release|Any CPU.Build.0 = Release|Any CPU
		{E3F55175-E00E-420C-A757-4B0869FC74F5}.Release|iPhone.ActiveCfg = Release|Any CPU
		{E3F55175-E00E-420C-A757-4B0869FC74F5}.Release|iPhone.Build.0 = Release|Any CPU
		{E3F55175-E00E-420C-A757-4B0869FC74F5}.Release|iPhoneSimulator.ActiveCfg = Release|Any CPU
		{E3F55175-E00E-420C-A757-4B0869FC74F5}.Release|iPhoneSimulator.Build.0 = Release|Any CPU
		{25071E6E-94DF-4F45-8721-38A8B1127C36}.Ad-Hoc|Any CPU.ActiveCfg = Release|Any CPU
		{25071E6E-94DF-4F45-8721-38A8B1127C36}.Ad-Hoc|Any CPU.Build.0 = Release|Any CPU
		{25071E6E-94DF-4F45-8721-38A8B1127C36}.Ad-Hoc|iPhone.ActiveCfg = Release|Any CPU
		{25071E6E-94DF-4F45-8721-38A8B1127C36}.Ad-Hoc|iPhone.Build.0 = Release|Any CPU
		{25071E6E-94DF-4F45-8721-38A8B1127C36}.Ad-Hoc|iPhoneSimulator.ActiveCfg = Release|Any CPU
		{25071E6E-94DF-4F45-8721-38A8B1127C36}.Ad-Hoc|iPhoneSimulator.Build.0 = Release|Any CPU
		{25071E6E-94DF-4F45-8721-38A8B1127C36}.AppStore|Any CPU.ActiveCfg = Release|Any CPU
		{25071E6E-94DF-4F45-8721-38A8B1127C36}.AppStore|Any CPU.Build.0 = Release|Any CPU
		{25071E6E-94DF-4F45-8721-38A8B1127C36}.AppStore|iPhone.ActiveCfg = Release|Any CPU
		{25071E6E-94DF-4F45-8721-38A8B1127C36}.AppStore|iPhone.Build.0 = Release|Any CPU
		{25071E6E-94DF-4F45-8721-38A8B1127C36}.AppStore|iPhoneSimulator.ActiveCfg = Release|Any CPU
		{25071E6E-94DF-4F45-8721-38A8B1127C36}.AppStore|iPhoneSimulator.Build.0 = Release|Any CPU
		{25071E6E-94DF-4F45-8721-38A8B1127C36}.Debug|Any CPU.ActiveCfg = Debug|Any CPU
		{25071E6E-94DF-4F45-8721-38A8B1127C36}.Debug|Any CPU.Build.0 = Debug|Any CPU
		{25071E6E-94DF-4F45-8721-38A8B1127C36}.Debug|iPhone.ActiveCfg = Debug|Any CPU
		{25071E6E-94DF-4F45-8721-38A8B1127C36}.Debug|iPhone.Build.0 = Debug|Any CPU
		{25071E6E-94DF-4F45-8721-38A8B1127C36}.Debug|iPhoneSimulator.ActiveCfg = Debug|Any CPU
		{25071E6E-94DF-4F45-8721-38A8B1127C36}.Debug|iPhoneSimulator.Build.0 = Debug|Any CPU
		{25071E6E-94DF-4F45-8721-38A8B1127C36}.Release|Any CPU.ActiveCfg = Release|Any CPU
		{25071E6E-94DF-4F45-8721-38A8B1127C36}.Release|Any CPU.Build.0 = Release|Any CPU
		{25071E6E-94DF-4F45-8721-38A8B1127C36}.Release|iPhone.ActiveCfg = Release|Any CPU
		{25071E6E-94DF-4F45-8721-38A8B1127C36}.Release|iPhone.Build.0 = Release|Any CPU
		{25071E6E-94DF-4F45-8721-38A8B1127C36}.Release|iPhoneSimulator.ActiveCfg = Release|Any CPU
		{25071E6E-94DF-4F45-8721-38A8B1127C36}.Release|iPhoneSimulator.Build.0 = Release|Any CPU
		{912999C7-30E3-4FFD-934E-1ED3A1DC0295}.Ad-Hoc|Any CPU.ActiveCfg = Release|Any CPU
		{912999C7-30E3-4FFD-934E-1ED3A1DC0295}.Ad-Hoc|Any CPU.Build.0 = Release|Any CPU
		{912999C7-30E3-4FFD-934E-1ED3A1DC0295}.Ad-Hoc|iPhone.ActiveCfg = Release|Any CPU
		{912999C7-30E3-4FFD-934E-1ED3A1DC0295}.Ad-Hoc|iPhone.Build.0 = Release|Any CPU
		{912999C7-30E3-4FFD-934E-1ED3A1DC0295}.Ad-Hoc|iPhoneSimulator.ActiveCfg = Release|Any CPU
		{912999C7-30E3-4FFD-934E-1ED3A1DC0295}.Ad-Hoc|iPhoneSimulator.Build.0 = Release|Any CPU
		{912999C7-30E3-4FFD-934E-1ED3A1DC0295}.AppStore|Any CPU.ActiveCfg = Release|Any CPU
		{912999C7-30E3-4FFD-934E-1ED3A1DC0295}.AppStore|Any CPU.Build.0 = Release|Any CPU
		{912999C7-30E3-4FFD-934E-1ED3A1DC0295}.AppStore|iPhone.ActiveCfg = Release|Any CPU
		{912999C7-30E3-4FFD-934E-1ED3A1DC0295}.AppStore|iPhone.Build.0 = Release|Any CPU
		{912999C7-30E3-4FFD-934E-1ED3A1DC0295}.AppStore|iPhoneSimulator.ActiveCfg = Release|Any CPU
		{912999C7-30E3-4FFD-934E-1ED3A1DC0295}.AppStore|iPhoneSimulator.Build.0 = Release|Any CPU
		{912999C7-30E3-4FFD-934E-1ED3A1DC0295}.Debug|Any CPU.ActiveCfg = Debug|Any CPU
		{912999C7-30E3-4FFD-934E-1ED3A1DC0295}.Debug|Any CPU.Build.0 = Debug|Any CPU
		{912999C7-30E3-4FFD-934E-1ED3A1DC0295}.Debug|iPhone.ActiveCfg = Debug|Any CPU
		{912999C7-30E3-4FFD-934E-1ED3A1DC0295}.Debug|iPhone.Build.0 = Debug|Any CPU
		{912999C7-30E3-4FFD-934E-1ED3A1DC0295}.Debug|iPhoneSimulator.ActiveCfg = Debug|Any CPU
		{912999C7-30E3-4FFD-934E-1ED3A1DC0295}.Debug|iPhoneSimulator.Build.0 = Debug|Any CPU
		{912999C7-30E3-4FFD-934E-1ED3A1DC0295}.Release|Any CPU.ActiveCfg = Release|Any CPU
		{912999C7-30E3-4FFD-934E-1ED3A1DC0295}.Release|Any CPU.Build.0 = Release|Any CPU
		{912999C7-30E3-4FFD-934E-1ED3A1DC0295}.Release|iPhone.ActiveCfg = Release|Any CPU
		{912999C7-30E3-4FFD-934E-1ED3A1DC0295}.Release|iPhone.Build.0 = Release|Any CPU
		{912999C7-30E3-4FFD-934E-1ED3A1DC0295}.Release|iPhoneSimulator.ActiveCfg = Release|Any CPU
		{912999C7-30E3-4FFD-934E-1ED3A1DC0295}.Release|iPhoneSimulator.Build.0 = Release|Any CPU
		{FE8EC1BC-5C74-40F6-9FDA-584EA154ECDF}.Ad-Hoc|Any CPU.ActiveCfg = Release|Any CPU
		{FE8EC1BC-5C74-40F6-9FDA-584EA154ECDF}.Ad-Hoc|Any CPU.Build.0 = Release|Any CPU
		{FE8EC1BC-5C74-40F6-9FDA-584EA154ECDF}.Ad-Hoc|iPhone.ActiveCfg = Release|Any CPU
		{FE8EC1BC-5C74-40F6-9FDA-584EA154ECDF}.Ad-Hoc|iPhone.Build.0 = Release|Any CPU
		{FE8EC1BC-5C74-40F6-9FDA-584EA154ECDF}.Ad-Hoc|iPhoneSimulator.ActiveCfg = Release|Any CPU
		{FE8EC1BC-5C74-40F6-9FDA-584EA154ECDF}.Ad-Hoc|iPhoneSimulator.Build.0 = Release|Any CPU
		{FE8EC1BC-5C74-40F6-9FDA-584EA154ECDF}.AppStore|Any CPU.ActiveCfg = Release|Any CPU
		{FE8EC1BC-5C74-40F6-9FDA-584EA154ECDF}.AppStore|Any CPU.Build.0 = Release|Any CPU
		{FE8EC1BC-5C74-40F6-9FDA-584EA154ECDF}.AppStore|iPhone.ActiveCfg = Release|Any CPU
		{FE8EC1BC-5C74-40F6-9FDA-584EA154ECDF}.AppStore|iPhone.Build.0 = Release|Any CPU
		{FE8EC1BC-5C74-40F6-9FDA-584EA154ECDF}.AppStore|iPhoneSimulator.ActiveCfg = Release|Any CPU
		{FE8EC1BC-5C74-40F6-9FDA-584EA154ECDF}.AppStore|iPhoneSimulator.Build.0 = Release|Any CPU
		{FE8EC1BC-5C74-40F6-9FDA-584EA154ECDF}.Debug|Any CPU.ActiveCfg = Debug|Any CPU
		{FE8EC1BC-5C74-40F6-9FDA-584EA154ECDF}.Debug|Any CPU.Build.0 = Debug|Any CPU
		{FE8EC1BC-5C74-40F6-9FDA-584EA154ECDF}.Debug|iPhone.ActiveCfg = Debug|Any CPU
		{FE8EC1BC-5C74-40F6-9FDA-584EA154ECDF}.Debug|iPhone.Build.0 = Debug|Any CPU
		{FE8EC1BC-5C74-40F6-9FDA-584EA154ECDF}.Debug|iPhoneSimulator.ActiveCfg = Debug|Any CPU
		{FE8EC1BC-5C74-40F6-9FDA-584EA154ECDF}.Debug|iPhoneSimulator.Build.0 = Debug|Any CPU
		{FE8EC1BC-5C74-40F6-9FDA-584EA154ECDF}.Release|Any CPU.ActiveCfg = Release|Any CPU
		{FE8EC1BC-5C74-40F6-9FDA-584EA154ECDF}.Release|Any CPU.Build.0 = Release|Any CPU
		{FE8EC1BC-5C74-40F6-9FDA-584EA154ECDF}.Release|iPhone.ActiveCfg = Release|Any CPU
		{FE8EC1BC-5C74-40F6-9FDA-584EA154ECDF}.Release|iPhone.Build.0 = Release|Any CPU
		{FE8EC1BC-5C74-40F6-9FDA-584EA154ECDF}.Release|iPhoneSimulator.ActiveCfg = Release|Any CPU
		{FE8EC1BC-5C74-40F6-9FDA-584EA154ECDF}.Release|iPhoneSimulator.Build.0 = Release|Any CPU
		{328F29DB-FB36-44A4-A540-FF2F19F25939}.Ad-Hoc|Any CPU.ActiveCfg = Release|Any CPU
		{328F29DB-FB36-44A4-A540-FF2F19F25939}.Ad-Hoc|Any CPU.Build.0 = Release|Any CPU
		{328F29DB-FB36-44A4-A540-FF2F19F25939}.Ad-Hoc|iPhone.ActiveCfg = Release|Any CPU
		{328F29DB-FB36-44A4-A540-FF2F19F25939}.Ad-Hoc|iPhone.Build.0 = Release|Any CPU
		{328F29DB-FB36-44A4-A540-FF2F19F25939}.Ad-Hoc|iPhoneSimulator.ActiveCfg = Release|Any CPU
		{328F29DB-FB36-44A4-A540-FF2F19F25939}.Ad-Hoc|iPhoneSimulator.Build.0 = Release|Any CPU
		{328F29DB-FB36-44A4-A540-FF2F19F25939}.AppStore|Any CPU.ActiveCfg = Release|Any CPU
		{328F29DB-FB36-44A4-A540-FF2F19F25939}.AppStore|Any CPU.Build.0 = Release|Any CPU
		{328F29DB-FB36-44A4-A540-FF2F19F25939}.AppStore|iPhone.ActiveCfg = Release|Any CPU
		{328F29DB-FB36-44A4-A540-FF2F19F25939}.AppStore|iPhone.Build.0 = Release|Any CPU
		{328F29DB-FB36-44A4-A540-FF2F19F25939}.AppStore|iPhoneSimulator.ActiveCfg = Release|Any CPU
		{328F29DB-FB36-44A4-A540-FF2F19F25939}.AppStore|iPhoneSimulator.Build.0 = Release|Any CPU
		{328F29DB-FB36-44A4-A540-FF2F19F25939}.Debug|Any CPU.ActiveCfg = Debug|Any CPU
		{328F29DB-FB36-44A4-A540-FF2F19F25939}.Debug|Any CPU.Build.0 = Debug|Any CPU
		{328F29DB-FB36-44A4-A540-FF2F19F25939}.Debug|iPhone.ActiveCfg = Debug|Any CPU
		{328F29DB-FB36-44A4-A540-FF2F19F25939}.Debug|iPhone.Build.0 = Debug|Any CPU
		{328F29DB-FB36-44A4-A540-FF2F19F25939}.Debug|iPhoneSimulator.ActiveCfg = Debug|Any CPU
		{328F29DB-FB36-44A4-A540-FF2F19F25939}.Debug|iPhoneSimulator.Build.0 = Debug|Any CPU
		{328F29DB-FB36-44A4-A540-FF2F19F25939}.Release|Any CPU.ActiveCfg = Release|Any CPU
		{328F29DB-FB36-44A4-A540-FF2F19F25939}.Release|Any CPU.Build.0 = Release|Any CPU
		{328F29DB-FB36-44A4-A540-FF2F19F25939}.Release|iPhone.ActiveCfg = Release|Any CPU
		{328F29DB-FB36-44A4-A540-FF2F19F25939}.Release|iPhone.Build.0 = Release|Any CPU
		{328F29DB-FB36-44A4-A540-FF2F19F25939}.Release|iPhoneSimulator.ActiveCfg = Release|Any CPU
		{328F29DB-FB36-44A4-A540-FF2F19F25939}.Release|iPhoneSimulator.Build.0 = Release|Any CPU
	EndGlobalSection
	GlobalSection(SolutionProperties) = preSolution
		HideSolutionNode = FALSE
	EndGlobalSection
EndGlobal
